
Microsoft Visual Studio Solution File, Format Version 12.00
# Visual Studio Version 17
VisualStudioVersion = 17.14.36408.4 d17.14
MinimumVisualStudioVersion = 10.0.40219.1
Project("{FAE04EC0-301F-11D3-BF4B-00C04F79EFBC}") = "Path8", "Path8.csproj", "{37840030-EBA1-4511-BC44-31BC631E4237}"
EndProject
Global
	GlobalSection(SolutionConfigurationPlatforms) = preSolution
		Debug|Any CPU = Debug|Any CPU
		Release|Any CPU = Release|Any CPU
	EndGlobalSection
	GlobalSection(ProjectConfigurationPlatforms) = postSolution
		{37840030-EBA1-4511-BC44-31BC631E4237}.Debug|Any CPU.ActiveCfg = Debug|Any CPU
		{37840030-EBA1-4511-BC44-31BC631E4237}.Debug|Any CPU.Build.0 = Debug|Any CPU
		{37840030-EBA1-4511-BC44-31BC631E4237}.Release|Any CPU.ActiveCfg = Release|Any CPU
		{37840030-EBA1-4511-BC44-31BC631E4237}.Release|Any CPU.Build.0 = Release|Any CPU
	EndGlobalSection
	GlobalSection(SolutionProperties) = preSolution
		HideSolutionNode = FALSE
	EndGlobalSection
	GlobalSection(ExtensibilityGlobals) = postSolution
		SolutionGuid = {4FC7E60A-AAC9-4D66-B36C-9FBC992E91A5}
	EndGlobalSection
EndGlobal
